
Microsoft Visual Studio Solution File, Format Version 12.00
# Visual Studio Version 16
VisualStudioVersion = 16.0.32802.440
MinimumVisualStudioVersion = 10.0.40219.1
Project("{FAE04EC0-301F-11D3-BF4B-00C04F79EFBC}") = "SubProdutoSomaNumero", "SubProdutoSomaNumero\SubProdutoSomaNumero.csproj", "{233FB331-5B11-4F2C-AA1F-4EF9653F164E}"
EndProject
Global
	GlobalSection(SolutionConfigurationPlatforms) = preSolution
		Debug|Any CPU = Debug|Any CPU
		Release|Any CPU = Release|Any CPU
	EndGlobalSection
	GlobalSection(ProjectConfigurationPlatforms) = postSolution
		{233FB331-5B11-4F2C-AA1F-4EF9653F164E}.Debug|Any CPU.ActiveCfg = Debug|Any CPU
		{233FB331-5B11-4F2C-AA1F-4EF9653F164E}.Debug|Any CPU.Build.0 = Debug|Any CPU
		{233FB331-5B11-4F2C-AA1F-4EF9653F164E}.Release|Any CPU.ActiveCfg = Release|Any CPU
		{233FB331-5B11-4F2C-AA1F-4EF9653F164E}.Release|Any CPU.Build.0 = Release|Any CPU
	EndGlobalSection
	GlobalSection(SolutionProperties) = preSolution
		HideSolutionNode = FALSE
	EndGlobalSection
	GlobalSection(ExtensibilityGlobals) = postSolution
		SolutionGuid = {B8FC4850-4C35-4351-8FA9-89CFC9C7AF58}
	EndGlobalSection
EndGlobal
