
Microsoft Visual Studio Solution File, Format Version 12.00
# Visual Studio Version 16
VisualStudioVersion = 16.0.32929.386
MinimumVisualStudioVersion = 10.0.40219.1
Project("{FAE04EC0-301F-11D3-BF4B-00C04F79EFBC}") = "TresDivisores", "TresDivisores\TresDivisores.csproj", "{375BD40F-1190-40A6-B985-5B22230BDFCD}"
EndProject
Global
	GlobalSection(SolutionConfigurationPlatforms) = preSolution
		Debug|Any CPU = Debug|Any CPU
		Release|Any CPU = Release|Any CPU
	EndGlobalSection
	GlobalSection(ProjectConfigurationPlatforms) = postSolution
		{375BD40F-1190-40A6-B985-5B22230BDFCD}.Debug|Any CPU.ActiveCfg = Debug|Any CPU
		{375BD40F-1190-40A6-B985-5B22230BDFCD}.Debug|Any CPU.Build.0 = Debug|Any CPU
		{375BD40F-1190-40A6-B985-5B22230BDFCD}.Release|Any CPU.ActiveCfg = Release|Any CPU
		{375BD40F-1190-40A6-B985-5B22230BDFCD}.Release|Any CPU.Build.0 = Release|Any CPU
	EndGlobalSection
	GlobalSection(SolutionProperties) = preSolution
		HideSolutionNode = FALSE
	EndGlobalSection
	GlobalSection(ExtensibilityGlobals) = postSolution
		SolutionGuid = {4EAF1F17-16AD-4FF2-AD9D-B71B9DA23A22}
	EndGlobalSection
EndGlobal
